
Microsoft Visual Studio Solution File, Format Version 12.00
# Visual Studio 15
VisualStudioVersion = 15.0.28307.572
MinimumVisualStudioVersion = 10.0.40219.1
Project("{FAE04EC0-301F-11D3-BF4B-00C04F79EFBC}") = "HelloXamarin.Android", "HelloXamarin\HelloXamarin.Android\HelloXamarin.Android.csproj", "{C1A329A6-1F8E-400D-96D7-4CBB46E56484}"
EndProject
Project("{FAE04EC0-301F-11D3-BF4B-00C04F79EFBC}") = "HelloXamarin.iOS", "HelloXamarin\HelloXamarin.iOS\HelloXamarin.iOS.csproj", "{0A21951A-2CA1-42B5-BDE2-D94DF3371B8E}"
EndProject
Project("{FAE04EC0-301F-11D3-BF4B-00C04F79EFBC}") = "HelloXamarin", "HelloXamarin\HelloXamarin\HelloXamarin.csproj", "{C00CEFA4-CEF3-4D6F-BA2E-4F2CFBECB462}"
EndProject
Global
	GlobalSection(SolutionConfigurationPlatforms) = preSolution
		Ad-Hoc|Any CPU = Ad-Hoc|Any CPU
		Ad-Hoc|iPhone = Ad-Hoc|iPhone
		Ad-Hoc|iPhoneSimulator = Ad-Hoc|iPhoneSimulator
		AppStore|Any CPU = AppStore|Any CPU
		AppStore|iPhone = AppStore|iPhone
		AppStore|iPhoneSimulator = AppStore|iPhoneSimulator
		Debug|Any CPU = Debug|Any CPU
		Debug|iPhone = Debug|iPhone
		Debug|iPhoneSimulator = Debug|iPhoneSimulator
		Release|Any CPU = Release|Any CPU
		Release|iPhone = Release|iPhone
		Release|iPhoneSimulator = Release|iPhoneSimulator
	EndGlobalSection
	GlobalSection(ProjectConfigurationPlatforms) = postSolution
		{C1A329A6-1F8E-400D-96D7-4CBB46E56484}.Ad-Hoc|Any CPU.ActiveCfg = Release|Any CPU
		{C1A329A6-1F8E-400D-96D7-4CBB46E56484}.Ad-Hoc|Any CPU.Build.0 = Release|Any CPU
		{C1A329A6-1F8E-400D-96D7-4CBB46E56484}.Ad-Hoc|Any CPU.Deploy.0 = Release|Any CPU
		{C1A329A6-1F8E-400D-96D7-4CBB46E56484}.Ad-Hoc|iPhone.ActiveCfg = Release|Any CPU
		{C1A329A6-1F8E-400D-96D7-4CBB46E56484}.Ad-Hoc|iPhone.Build.0 = Release|Any CPU
		{C1A329A6-1F8E-400D-96D7-4CBB46E56484}.Ad-Hoc|iPhone.Deploy.0 = Release|Any CPU
		{C1A329A6-1F8E-400D-96D7-4CBB46E56484}.Ad-Hoc|iPhoneSimulator.ActiveCfg = Release|Any CPU
		{C1A329A6-1F8E-400D-96D7-4CBB46E56484}.Ad-Hoc|iPhoneSimulator.Build.0 = Release|Any CPU
		{C1A329A6-1F8E-400D-96D7-4CBB46E56484}.Ad-Hoc|iPhoneSimulator.Deploy.0 = Release|Any CPU
		{C1A329A6-1F8E-400D-96D7-4CBB46E56484}.AppStore|Any CPU.ActiveCfg = Release|Any CPU
		{C1A329A6-1F8E-400D-96D7-4CBB46E56484}.AppStore|Any CPU.Build.0 = Release|Any CPU
		{C1A329A6-1F8E-400D-96D7-4CBB46E56484}.AppStore|Any CPU.Deploy.0 = Release|Any CPU
		{C1A329A6-1F8E-400D-96D7-4CBB46E56484}.AppStore|iPhone.ActiveCfg = Release|Any CPU
		{C1A329A6-1F8E-400D-96D7-4CBB46E56484}.AppStore|iPhone.Build.0 = Release|Any CPU
		{C1A329A6-1F8E-400D-96D7-4CBB46E56484}.AppStore|iPhone.Deploy.0 = Release|Any CPU
		{C1A329A6-1F8E-400D-96D7-4CBB46E56484}.AppStore|iPhoneSimulator.ActiveCfg = Release|Any CPU
		{C1A329A6-1F8E-400D-96D7-4CBB46E56484}.AppStore|iPhoneSimulator.Build.0 = Release|Any CPU
		{C1A329A6-1F8E-400D-96D7-4CBB46E56484}.AppStore|iPhoneSimulator.Deploy.0 = Release|Any CPU
		{C1A329A6-1F8E-400D-96D7-4CBB46E56484}.Debug|Any CPU.ActiveCfg = Debug|Any CPU
		{C1A329A6-1F8E-400D-96D7-4CBB46E56484}.Debug|Any CPU.Build.0 = Debug|Any CPU
		{C1A329A6-1F8E-400D-96D7-4CBB46E56484}.Debug|Any CPU.Deploy.0 = Debug|Any CPU
		{C1A329A6-1F8E-400D-96D7-4CBB46E56484}.Debug|iPhone.ActiveCfg = Debug|Any CPU
		{C1A329A6-1F8E-400D-96D7-4CBB46E56484}.Debug|iPhone.Build.0 = Debug|Any CPU
		{C1A329A6-1F8E-400D-96D7-4CBB46E56484}.Debug|iPhone.Deploy.0 = Debug|Any CPU
		{C1A329A6-1F8E-400D-96D7-4CBB46E56484}.Debug|iPhoneSimulator.ActiveCfg = Debug|Any CPU
		{C1A329A6-1F8E-400D-96D7-4CBB46E56484}.Debug|iPhoneSimulator.Build.0 = Debug|Any CPU
		{C1A329A6-1F8E-400D-96D7-4CBB46E56484}.Debug|iPhoneSimulator.Deploy.0 = Debug|Any CPU
		{C1A329A6-1F8E-400D-96D7-4CBB46E56484}.Release|Any CPU.ActiveCfg = Release|Any CPU
		{C1A329A6-1F8E-400D-96D7-4CBB46E56484}.Release|Any CPU.Build.0 = Release|Any CPU
		{C1A329A6-1F8E-400D-96D7-4CBB46E56484}.Release|Any CPU.Deploy.0 = Release|Any CPU
		{C1A329A6-1F8E-400D-96D7-4CBB46E56484}.Release|iPhone.ActiveCfg = Release|Any CPU
		{C1A329A6-1F8E-400D-96D7-4CBB46E56484}.Release|iPhone.Build.0 = Release|Any CPU
		{C1A329A6-1F8E-400D-96D7-4CBB46E56484}.Release|iPhone.Deploy.0 = Release|Any CPU
		{C1A329A6-1F8E-400D-96D7-4CBB46E56484}.Release|iPhoneSimulator.ActiveCfg = Release|Any CPU
		{C1A329A6-1F8E-400D-96D7-4CBB46E56484}.Release|iPhoneSimulator.Build.0 = Release|Any CPU
		{C1A329A6-1F8E-400D-96D7-4CBB46E56484}.Release|iPhoneSimulator.Deploy.0 = Release|Any CPU
		{0A21951A-2CA1-42B5-BDE2-D94DF3371B8E}.Ad-Hoc|Any CPU.ActiveCfg = Ad-Hoc|iPhone
		{0A21951A-2CA1-42B5-BDE2-D94DF3371B8E}.Ad-Hoc|Any CPU.Build.0 = Ad-Hoc|iPhone
		{0A21951A-2CA1-42B5-BDE2-D94DF3371B8E}.Ad-Hoc|Any CPU.Deploy.0 = Ad-Hoc|iPhone
		{0A21951A-2CA1-42B5-BDE2-D94DF3371B8E}.Ad-Hoc|iPhone.ActiveCfg = Ad-Hoc|iPhone
		{0A21951A-2CA1-42B5-BDE2-D94DF3371B8E}.Ad-Hoc|iPhone.Build.0 = Ad-Hoc|iPhone
		{0A21951A-2CA1-42B5-BDE2-D94DF3371B8E}.Ad-Hoc|iPhone.Deploy.0 = Ad-Hoc|iPhone
		{0A21951A-2CA1-42B5-BDE2-D94DF3371B8E}.Ad-Hoc|iPhoneSimulator.ActiveCfg = Ad-Hoc|iPhoneSimulator
		{0A21951A-2CA1-42B5-BDE2-D94DF3371B8E}.Ad-Hoc|iPhoneSimulator.Build.0 = Ad-Hoc|iPhoneSimulator
		{0A21951A-2CA1-42B5-BDE2-D94DF3371B8E}.Ad-Hoc|iPhoneSimulator.Deploy.0 = Ad-Hoc|iPhoneSimulator
		{0A21951A-2CA1-42B5-BDE2-D94DF3371B8E}.AppStore|Any CPU.ActiveCfg = AppStore|iPhone
		{0A21951A-2CA1-42B5-BDE2-D94DF3371B8E}.AppStore|Any CPU.Build.0 = AppStore|iPhone
		{0A21951A-2CA1-42B5-BDE2-D94DF3371B8E}.AppStore|Any CPU.Deploy.0 = AppStore|iPhone
		{0A21951A-2CA1-42B5-BDE2-D94DF3371B8E}.AppStore|iPhone.ActiveCfg = AppStore|iPhone
		{0A21951A-2CA1-42B5-BDE2-D94DF3371B8E}.AppStore|iPhone.Build.0 = AppStore|iPhone
		{0A21951A-2CA1-42B5-BDE2-D94DF3371B8E}.AppStore|iPhone.Deploy.0 = AppStore|iPhone
		{0A21951A-2CA1-42B5-BDE2-D94DF3371B8E}.AppStore|iPhoneSimulator.ActiveCfg = AppStore|iPhoneSimulator
		{0A21951A-2CA1-42B5-BDE2-D94DF3371B8E}.AppStore|iPhoneSimulator.Build.0 = AppStore|iPhoneSimulator
		{0A21951A-2CA1-42B5-BDE2-D94DF3371B8E}.AppStore|iPhoneSimulator.Deploy.0 = AppStore|iPhoneSimulator
		{0A21951A-2CA1-42B5-BDE2-D94DF3371B8E}.Debug|Any CPU.ActiveCfg = Debug|iPhoneSimulator
		{0A21951A-2CA1-42B5-BDE2-D94DF3371B8E}.Debug|Any CPU.Build.0 = Debug|iPhoneSimulator
		{0A21951A-2CA1-42B5-BDE2-D94DF3371B8E}.Debug|Any CPU.Deploy.0 = Debug|iPhoneSimulator
		{0A21951A-2CA1-42B5-BDE2-D94DF3371B8E}.Debug|iPhone.ActiveCfg = Debug|iPhone
		{0A21951A-2CA1-42B5-BDE2-D94DF3371B8E}.Debug|iPhone.Build.0 = Debug|iPhone
		{0A21951A-2CA1-42B5-BDE2-D94DF3371B8E}.Debug|iPhone.Deploy.0 = Debug|iPhone
		{0A21951A-2CA1-42B5-BDE2-D94DF3371B8E}.Debug|iPhoneSimulator.ActiveCfg = Debug|iPhoneSimulator
		{0A21951A-2CA1-42B5-BDE2-D94DF3371B8E}.Debug|iPhoneSimulator.Build.0 = Debug|iPhoneSimulator
		{0A21951A-2CA1-42B5-BDE2-D94DF3371B8E}.Debug|iPhoneSimulator.Deploy.0 = Debug|iPhoneSimulator
		{0A21951A-2CA1-42B5-BDE2-D94DF3371B8E}.Release|Any CPU.ActiveCfg = Release|iPhone
		{0A21951A-2CA1-42B5-BDE2-D94DF3371B8E}.Release|Any CPU.Build.0 = Release|iPhone
		{0A21951A-2CA1-42B5-BDE2-D94DF3371B8E}.Release|Any CPU.Deploy.0 = Release|iPhone
		{0A21951A-2CA1-42B5-BDE2-D94DF3371B8E}.Release|iPhone.ActiveCfg = Release|iPhone
		{0A21951A-2CA1-42B5-BDE2-D94DF3371B8E}.Release|iPhone.Build.0 = Release|iPhone
		{0A21951A-2CA1-42B5-BDE2-D94DF3371B8E}.Release|iPhone.Deploy.0 = Release|iPhone
		{0A21951A-2CA1-42B5-BDE2-D94DF3371B8E}.Release|iPhoneSimulator.ActiveCfg = Release|iPhoneSimulator
		{0A21951A-2CA1-42B5-BDE2-D94DF3371B8E}.Release|iPhoneSimulator.Build.0 = Release|iPhoneSimulator
		{0A21951A-2CA1-42B5-BDE2-D94DF3371B8E}.Release|iPhoneSimulator.Deploy.0 = Release|iPhoneSimulator
		{C00CEFA4-CEF3-4D6F-BA2E-4F2CFBECB462}.Ad-Hoc|Any CPU.ActiveCfg = Debug|Any CPU
		{C00CEFA4-CEF3-4D6F-BA2E-4F2CFBECB462}.Ad-Hoc|Any CPU.Build.0 = Debug|Any CPU
		{C00CEFA4-CEF3-4D6F-BA2E-4F2CFBECB462}.Ad-Hoc|Any CPU.Deploy.0 = Debug|Any CPU
		{C00CEFA4-CEF3-4D6F-BA2E-4F2CFBECB462}.Ad-Hoc|iPhone.ActiveCfg = Debug|Any CPU
		{C00CEFA4-CEF3-4D6F-BA2E-4F2CFBECB462}.Ad-Hoc|iPhone.Build.0 = Debug|Any CPU
		{C00CEFA4-CEF3-4D6F-BA2E-4F2CFBECB462}.Ad-Hoc|iPhone.Deploy.0 = Debug|Any CPU
		{C00CEFA4-CEF3-4D6F-BA2E-4F2CFBECB462}.Ad-Hoc|iPhoneSimulator.ActiveCfg = Debug|Any CPU
		{C00CEFA4-CEF3-4D6F-BA2E-4F2CFBECB462}.Ad-Hoc|iPhoneSimulator.Build.0 = Debug|Any CPU
		{C00CEFA4-CEF3-4D6F-BA2E-4F2CFBECB462}.Ad-Hoc|iPhoneSimulator.Deploy.0 = Debug|Any CPU
		{C00CEFA4-CEF3-4D6F-BA2E-4F2CFBECB462}.AppStore|Any CPU.ActiveCfg = Debug|Any CPU
		{C00CEFA4-CEF3-4D6F-BA2E-4F2CFBECB462}.AppStore|Any CPU.Build.0 = Debug|Any CPU
		{C00CEFA4-CEF3-4D6F-BA2E-4F2CFBECB462}.AppStore|Any CPU.Deploy.0 = Debug|Any CPU
		{C00CEFA4-CEF3-4D6F-BA2E-4F2CFBECB462}.AppStore|iPhone.ActiveCfg = Debug|Any CPU
		{C00CEFA4-CEF3-4D6F-BA2E-4F2CFBECB462}.AppStore|iPhone.Build.0 = Debug|Any CPU
		{C00CEFA4-CEF3-4D6F-BA2E-4F2CFBECB462}.AppStore|iPhone.Deploy.0 = Debug|Any CPU
		{C00CEFA4-CEF3-4D6F-BA2E-4F2CFBECB462}.AppStore|iPhoneSimulator.ActiveCfg = Debug|Any CPU
		{C00CEFA4-CEF3-4D6F-BA2E-4F2CFBECB462}.AppStore|iPhoneSimulator.Build.0 = Debug|Any CPU
		{C00CEFA4-CEF3-4D6F-BA2E-4F2CFBECB462}.AppStore|iPhoneSimulator.Deploy.0 = Debug|Any CPU
		{C00CEFA4-CEF3-4D6F-BA2E-4F2CFBECB462}.Debug|Any CPU.ActiveCfg = Debug|Any CPU
		{C00CEFA4-CEF3-4D6F-BA2E-4F2CFBECB462}.Debug|Any CPU.Build.0 = Debug|Any CPU
		{C00CEFA4-CEF3-4D6F-BA2E-4F2CFBECB462}.Debug|Any CPU.Deploy.0 = Debug|Any CPU
		{C00CEFA4-CEF3-4D6F-BA2E-4F2CFBECB462}.Debug|iPhone.ActiveCfg = Debug|Any CPU
		{C00CEFA4-CEF3-4D6F-BA2E-4F2CFBECB462}.Debug|iPhone.Build.0 = Debug|Any CPU
		{C00CEFA4-CEF3-4D6F-BA2E-4F2CFBECB462}.Debug|iPhone.Deploy.0 = Debug|Any CPU
		{C00CEFA4-CEF3-4D6F-BA2E-4F2CFBECB462}.Debug|iPhoneSimulator.ActiveCfg = Debug|Any CPU
		{C00CEFA4-CEF3-4D6F-BA2E-4F2CFBECB462}.Debug|iPhoneSimulator.Build.0 = Debug|Any CPU
		{C00CEFA4-CEF3-4D6F-BA2E-4F2CFBECB462}.Debug|iPhoneSimulator.Deploy.0 = Debug|Any CPU
		{C00CEFA4-CEF3-4D6F-BA2E-4F2CFBECB462}.Release|Any CPU.ActiveCfg = Release|Any CPU
		{C00CEFA4-CEF3-4D6F-BA2E-4F2CFBECB462}.Release|Any CPU.Build.0 = Release|Any CPU
		{C00CEFA4-CEF3-4D6F-BA2E-4F2CFBECB462}.Release|Any CPU.Deploy.0 = Release|Any CPU
		{C00CEFA4-CEF3-4D6F-BA2E-4F2CFBECB462}.Release|iPhone.ActiveCfg = Release|Any CPU
		{C00CEFA4-CEF3-4D6F-BA2E-4F2CFBECB462}.Release|iPhone.Build.0 = Release|Any CPU
		{C00CEFA4-CEF3-4D6F-BA2E-4F2CFBECB462}.Release|iPhone.Deploy.0 = Release|Any CPU
		{C00CEFA4-CEF3-4D6F-BA2E-4F2CFBECB462}.Release|iPhoneSimulator.ActiveCfg = Release|Any CPU
		{C00CEFA4-CEF3-4D6F-BA2E-4F2CFBECB462}.Release|iPhoneSimulator.Build.0 = Release|Any CPU
		{C00CEFA4-CEF3-4D6F-BA2E-4F2CFBECB462}.Release|iPhoneSimulator.Deploy.0 = Release|Any CPU
	EndGlobalSection
	GlobalSection(SolutionProperties) = preSolution
		HideSolutionNode = FALSE
	EndGlobalSection
	GlobalSection(ExtensibilityGlobals) = postSolution
		SolutionGuid = {8A307D38-31D8-49F8-A770-9E3E19313A8C}
	EndGlobalSection
EndGlobal
